
Microsoft Visual Studio Solution File, Format Version 12.00
# Visual Studio Version 16
VisualStudioVersion = 16.0.32002.261
MinimumVisualStudioVersion = 10.0.40219.1
Project("{FAE04EC0-301F-11D3-BF4B-00C04F79EFBC}") = "ChatApplication", "ChatApplication\ChatApplication.csproj", "{F130040E-1540-493F-9112-2C0673EF1758}"
EndProject
Project("{FAE04EC0-301F-11D3-BF4B-00C04F79EFBC}") = "ChatAppPro", "ChatAppPro\ChatAppPro.csproj", "{52947819-67D8-4636-B6C7-10A347FF777C}"
EndProject
Global
	GlobalSection(SolutionConfigurationPlatforms) = preSolution
		Debug|Any CPU = Debug|Any CPU
		Release|Any CPU = Release|Any CPU
	EndGlobalSection
	GlobalSection(ProjectConfigurationPlatforms) = postSolution
		{F130040E-1540-493F-9112-2C0673EF1758}.Debug|Any CPU.ActiveCfg = Debug|Any CPU
		{F130040E-1540-493F-9112-2C0673EF1758}.Debug|Any CPU.Build.0 = Debug|Any CPU
		{F130040E-1540-493F-9112-2C0673EF1758}.Release|Any CPU.ActiveCfg = Release|Any CPU
		{F130040E-1540-493F-9112-2C0673EF1758}.Release|Any CPU.Build.0 = Release|Any CPU
		{52947819-67D8-4636-B6C7-10A347FF777C}.Debug|Any CPU.ActiveCfg = Debug|Any CPU
		{52947819-67D8-4636-B6C7-10A347FF777C}.Debug|Any CPU.Build.0 = Debug|Any CPU
		{52947819-67D8-4636-B6C7-10A347FF777C}.Release|Any CPU.ActiveCfg = Release|Any CPU
		{52947819-67D8-4636-B6C7-10A347FF777C}.Release|Any CPU.Build.0 = Release|Any CPU
	EndGlobalSection
	GlobalSection(SolutionProperties) = preSolution
		HideSolutionNode = FALSE
	EndGlobalSection
	GlobalSection(ExtensibilityGlobals) = postSolution
		SolutionGuid = {2CC95921-8AB1-485B-9876-977568742208}
	EndGlobalSection
EndGlobal
